
Microsoft Visual Studio Solution File, Format Version 12.00
# Visual Studio 14
VisualStudioVersion = 14.0.25123.0
MinimumVisualStudioVersion = 10.0.40219.1
Project("{FAE04EC0-301F-11D3-BF4B-00C04F79EFBC}") = "AdoMocks.Tests", "AdoMocks.Tests\AdoMocks.Tests.csproj", "{19E5A890-6CD1-4E28-93AF-FC9F360EB1FC}"
EndProject
Project("{FAE04EC0-301F-11D3-BF4B-00C04F79EFBC}") = "AdoMocks", "AdoMocks\AdoMocks.csproj", "{578FFFC3-32C3-45E9-958E-DA84BE9187A4}"
EndProject
Global
	GlobalSection(SolutionConfigurationPlatforms) = preSolution
		Debug|Any CPU = Debug|Any CPU
		Release|Any CPU = Release|Any CPU
	EndGlobalSection
	GlobalSection(ProjectConfigurationPlatforms) = postSolution
		{19E5A890-6CD1-4E28-93AF-FC9F360EB1FC}.Debug|Any CPU.ActiveCfg = Debug|Any CPU
		{19E5A890-6CD1-4E28-93AF-FC9F360EB1FC}.Debug|Any CPU.Build.0 = Debug|Any CPU
		{19E5A890-6CD1-4E28-93AF-FC9F360EB1FC}.Release|Any CPU.ActiveCfg = Release|Any CPU
		{19E5A890-6CD1-4E28-93AF-FC9F360EB1FC}.Release|Any CPU.Build.0 = Release|Any CPU
		{578FFFC3-32C3-45E9-958E-DA84BE9187A4}.Debug|Any CPU.ActiveCfg = Debug|Any CPU
		{578FFFC3-32C3-45E9-958E-DA84BE9187A4}.Debug|Any CPU.Build.0 = Debug|Any CPU
		{578FFFC3-32C3-45E9-958E-DA84BE9187A4}.Release|Any CPU.ActiveCfg = Release|Any CPU
		{578FFFC3-32C3-45E9-958E-DA84BE9187A4}.Release|Any CPU.Build.0 = Release|Any CPU
	EndGlobalSection
	GlobalSection(SolutionProperties) = preSolution
		HideSolutionNode = FALSE
	EndGlobalSection
EndGlobal
